
Microsoft Visual Studio Solution File, Format Version 12.00
# Visual Studio Version 16
VisualStudioVersion = 16.0.28407.52
MinimumVisualStudioVersion = 10.0.40219.1
Project("{FAE04EC0-301F-11D3-BF4B-00C04F79EFBC}") = "TiendaVenta.Common", "TiendaVenta.Common\TiendaVenta.Common.csproj", "{8D9D4025-FEC8-4887-A13A-A8DBAAE35A1F}"
EndProject
Project("{2150E333-8FDC-42A3-9474-1A3956D46DE8}") = "BackEnd", "BackEnd", "{2DF3826C-281A-440A-B4BE-72127F199049}"
EndProject
Project("{2150E333-8FDC-42A3-9474-1A3956D46DE8}") = "FrontEnd", "FrontEnd", "{2CA367D7-E988-45C6-B25E-A6CF079517C0}"
EndProject
Project("{FAE04EC0-301F-11D3-BF4B-00C04F79EFBC}") = "TiendaVenta.Web", "TiendaVenta.Web\TiendaVenta.Web.csproj", "{DF1A89D3-B402-4283-896C-05B046A25CB2}"
EndProject
Project("{2150E333-8FDC-42A3-9474-1A3956D46DE8}") = "Forms", "Forms", "{72C0E252-2890-491A-9083-5C112E5D9741}"
EndProject
Project("{2150E333-8FDC-42A3-9474-1A3956D46DE8}") = "Classic", "Classic", "{CCE61F08-9173-4542-BB39-97A7C2889EFF}"
EndProject
Project("{FAE04EC0-301F-11D3-BF4B-00C04F79EFBC}") = "TiendaVenta.UIForms.Android", "TiendaVenta.UIForms\TiendaVenta.UIForms.Android\TiendaVenta.UIForms.Android.csproj", "{05CD912C-7CDD-42CB-A578-8F713D60DDE5}"
EndProject
Project("{FAE04EC0-301F-11D3-BF4B-00C04F79EFBC}") = "TiendaVenta.UIForms.iOS", "TiendaVenta.UIForms\TiendaVenta.UIForms.iOS\TiendaVenta.UIForms.iOS.csproj", "{CD66B508-94DD-4CAF-A45D-955AC9D8B6DD}"
EndProject
Project("{FAE04EC0-301F-11D3-BF4B-00C04F79EFBC}") = "TiendaVenta.UIForms", "TiendaVenta.UIForms\TiendaVenta.UIForms\TiendaVenta.UIForms.csproj", "{7EB6D9C0-67B3-451F-AD81-C2329354492E}"
EndProject
Project("{FAE04EC0-301F-11D3-BF4B-00C04F79EFBC}") = "TiendaVentaUIClassic", "TiendaVentaUIClassic\TiendaVentaUIClassic.csproj", "{3BCE7E81-7CBC-400D-ACC2-4D184BD199B0}"
EndProject
Project("{FAE04EC0-301F-11D3-BF4B-00C04F79EFBC}") = "TiendaVenta.UIClassic.Android", "TiendaVenta.UIClassic.Android\TiendaVenta.UIClassic.Android.csproj", "{45E9DF3B-CA95-459D-9248-25EF51E5848E}"
EndProject
Project("{FAE04EC0-301F-11D3-BF4B-00C04F79EFBC}") = "TiendaVenta.UIClassic.iOS", "TiendaVenta.UIClassic.iOS\TiendaVenta.UIClassic.iOS.csproj", "{80A96B52-6758-4BDB-B0B4-CEA4CA155C60}"
EndProject
Global
	GlobalSection(SolutionConfigurationPlatforms) = preSolution
		Ad-Hoc|Any CPU = Ad-Hoc|Any CPU
		Ad-Hoc|iPhone = Ad-Hoc|iPhone
		Ad-Hoc|iPhoneSimulator = Ad-Hoc|iPhoneSimulator
		AppStore|Any CPU = AppStore|Any CPU
		AppStore|iPhone = AppStore|iPhone
		AppStore|iPhoneSimulator = AppStore|iPhoneSimulator
		Debug|Any CPU = Debug|Any CPU
		Debug|iPhone = Debug|iPhone
		Debug|iPhoneSimulator = Debug|iPhoneSimulator
		Release|Any CPU = Release|Any CPU
		Release|iPhone = Release|iPhone
		Release|iPhoneSimulator = Release|iPhoneSimulator
	EndGlobalSection
	GlobalSection(ProjectConfigurationPlatforms) = postSolution
		{8D9D4025-FEC8-4887-A13A-A8DBAAE35A1F}.Ad-Hoc|Any CPU.ActiveCfg = Debug|Any CPU
		{8D9D4025-FEC8-4887-A13A-A8DBAAE35A1F}.Ad-Hoc|Any CPU.Build.0 = Debug|Any CPU
		{8D9D4025-FEC8-4887-A13A-A8DBAAE35A1F}.Ad-Hoc|iPhone.ActiveCfg = Debug|Any CPU
		{8D9D4025-FEC8-4887-A13A-A8DBAAE35A1F}.Ad-Hoc|iPhone.Build.0 = Debug|Any CPU
		{8D9D4025-FEC8-4887-A13A-A8DBAAE35A1F}.Ad-Hoc|iPhoneSimulator.ActiveCfg = Debug|Any CPU
		{8D9D4025-FEC8-4887-A13A-A8DBAAE35A1F}.Ad-Hoc|iPhoneSimulator.Build.0 = Debug|Any CPU
		{8D9D4025-FEC8-4887-A13A-A8DBAAE35A1F}.AppStore|Any CPU.ActiveCfg = Debug|Any CPU
		{8D9D4025-FEC8-4887-A13A-A8DBAAE35A1F}.AppStore|Any CPU.Build.0 = Debug|Any CPU
		{8D9D4025-FEC8-4887-A13A-A8DBAAE35A1F}.AppStore|iPhone.ActiveCfg = Debug|Any CPU
		{8D9D4025-FEC8-4887-A13A-A8DBAAE35A1F}.AppStore|iPhone.Build.0 = Debug|Any CPU
		{8D9D4025-FEC8-4887-A13A-A8DBAAE35A1F}.AppStore|iPhoneSimulator.ActiveCfg = Debug|Any CPU
		{8D9D4025-FEC8-4887-A13A-A8DBAAE35A1F}.AppStore|iPhoneSimulator.Build.0 = Debug|Any CPU
		{8D9D4025-FEC8-4887-A13A-A8DBAAE35A1F}.Debug|Any CPU.ActiveCfg = Debug|Any CPU
		{8D9D4025-FEC8-4887-A13A-A8DBAAE35A1F}.Debug|Any CPU.Build.0 = Debug|Any CPU
		{8D9D4025-FEC8-4887-A13A-A8DBAAE35A1F}.Debug|iPhone.ActiveCfg = Debug|Any CPU
		{8D9D4025-FEC8-4887-A13A-A8DBAAE35A1F}.Debug|iPhone.Build.0 = Debug|Any CPU
		{8D9D4025-FEC8-4887-A13A-A8DBAAE35A1F}.Debug|iPhoneSimulator.ActiveCfg = Debug|Any CPU
		{8D9D4025-FEC8-4887-A13A-A8DBAAE35A1F}.Debug|iPhoneSimulator.Build.0 = Debug|Any CPU
		{8D9D4025-FEC8-4887-A13A-A8DBAAE35A1F}.Release|Any CPU.ActiveCfg = Release|Any CPU
		{8D9D4025-FEC8-4887-A13A-A8DBAAE35A1F}.Release|Any CPU.Build.0 = Release|Any CPU
		{8D9D4025-FEC8-4887-A13A-A8DBAAE35A1F}.Release|iPhone.ActiveCfg = Release|Any CPU
		{8D9D4025-FEC8-4887-A13A-A8DBAAE35A1F}.Release|iPhone.Build.0 = Release|Any CPU
		{8D9D4025-FEC8-4887-A13A-A8DBAAE35A1F}.Release|iPhoneSimulator.ActiveCfg = Release|Any CPU
		{8D9D4025-FEC8-4887-A13A-A8DBAAE35A1F}.Release|iPhoneSimulator.Build.0 = Release|Any CPU
		{DF1A89D3-B402-4283-896C-05B046A25CB2}.Ad-Hoc|Any CPU.ActiveCfg = Debug|Any CPU
		{DF1A89D3-B402-4283-896C-05B046A25CB2}.Ad-Hoc|Any CPU.Build.0 = Debug|Any CPU
		{DF1A89D3-B402-4283-896C-05B046A25CB2}.Ad-Hoc|iPhone.ActiveCfg = Debug|Any CPU
		{DF1A89D3-B402-4283-896C-05B046A25CB2}.Ad-Hoc|iPhone.Build.0 = Debug|Any CPU
		{DF1A89D3-B402-4283-896C-05B046A25CB2}.Ad-Hoc|iPhoneSimulator.ActiveCfg = Debug|Any CPU
		{DF1A89D3-B402-4283-896C-05B046A25CB2}.Ad-Hoc|iPhoneSimulator.Build.0 = Debug|Any CPU
		{DF1A89D3-B402-4283-896C-05B046A25CB2}.AppStore|Any CPU.ActiveCfg = Debug|Any CPU
		{DF1A89D3-B402-4283-896C-05B046A25CB2}.AppStore|Any CPU.Build.0 = Debug|Any CPU
		{DF1A89D3-B402-4283-896C-05B046A25CB2}.AppStore|iPhone.ActiveCfg = Debug|Any CPU
		{DF1A89D3-B402-4283-896C-05B046A25CB2}.AppStore|iPhone.Build.0 = Debug|Any CPU
		{DF1A89D3-B402-4283-896C-05B046A25CB2}.AppStore|iPhoneSimulator.ActiveCfg = Debug|Any CPU
		{DF1A89D3-B402-4283-896C-05B046A25CB2}.AppStore|iPhoneSimulator.Build.0 = Debug|Any CPU
		{DF1A89D3-B402-4283-896C-05B046A25CB2}.Debug|Any CPU.ActiveCfg = Debug|Any CPU
		{DF1A89D3-B402-4283-896C-05B046A25CB2}.Debug|Any CPU.Build.0 = Debug|Any CPU
		{DF1A89D3-B402-4283-896C-05B046A25CB2}.Debug|iPhone.ActiveCfg = Debug|Any CPU
		{DF1A89D3-B402-4283-896C-05B046A25CB2}.Debug|iPhone.Build.0 = Debug|Any CPU
		{DF1A89D3-B402-4283-896C-05B046A25CB2}.Debug|iPhoneSimulator.ActiveCfg = Debug|Any CPU
		{DF1A89D3-B402-4283-896C-05B046A25CB2}.Debug|iPhoneSimulator.Build.0 = Debug|Any CPU
		{DF1A89D3-B402-4283-896C-05B046A25CB2}.Release|Any CPU.ActiveCfg = Release|Any CPU
		{DF1A89D3-B402-4283-896C-05B046A25CB2}.Release|Any CPU.Build.0 = Release|Any CPU
		{DF1A89D3-B402-4283-896C-05B046A25CB2}.Release|iPhone.ActiveCfg = Release|Any CPU
		{DF1A89D3-B402-4283-896C-05B046A25CB2}.Release|iPhone.Build.0 = Release|Any CPU
		{DF1A89D3-B402-4283-896C-05B046A25CB2}.Release|iPhoneSimulator.ActiveCfg = Release|Any CPU
		{DF1A89D3-B402-4283-896C-05B046A25CB2}.Release|iPhoneSimulator.Build.0 = Release|Any CPU
		{05CD912C-7CDD-42CB-A578-8F713D60DDE5}.Ad-Hoc|Any CPU.ActiveCfg = Release|Any CPU
		{05CD912C-7CDD-42CB-A578-8F713D60DDE5}.Ad-Hoc|Any CPU.Build.0 = Release|Any CPU
		{05CD912C-7CDD-42CB-A578-8F713D60DDE5}.Ad-Hoc|Any CPU.Deploy.0 = Release|Any CPU
		{05CD912C-7CDD-42CB-A578-8F713D60DDE5}.Ad-Hoc|iPhone.ActiveCfg = Release|Any CPU
		{05CD912C-7CDD-42CB-A578-8F713D60DDE5}.Ad-Hoc|iPhone.Build.0 = Release|Any CPU
		{05CD912C-7CDD-42CB-A578-8F713D60DDE5}.Ad-Hoc|iPhone.Deploy.0 = Release|Any CPU
		{05CD912C-7CDD-42CB-A578-8F713D60DDE5}.Ad-Hoc|iPhoneSimulator.ActiveCfg = Release|Any CPU
		{05CD912C-7CDD-42CB-A578-8F713D60DDE5}.Ad-Hoc|iPhoneSimulator.Build.0 = Release|Any CPU
		{05CD912C-7CDD-42CB-A578-8F713D60DDE5}.Ad-Hoc|iPhoneSimulator.Deploy.0 = Release|Any CPU
		{05CD912C-7CDD-42CB-A578-8F713D60DDE5}.AppStore|Any CPU.ActiveCfg = Release|Any CPU
		{05CD912C-7CDD-42CB-A578-8F713D60DDE5}.AppStore|Any CPU.Build.0 = Release|Any CPU
		{05CD912C-7CDD-42CB-A578-8F713D60DDE5}.AppStore|Any CPU.Deploy.0 = Release|Any CPU
		{05CD912C-7CDD-42CB-A578-8F713D60DDE5}.AppStore|iPhone.ActiveCfg = Release|Any CPU
		{05CD912C-7CDD-42CB-A578-8F713D60DDE5}.AppStore|iPhone.Build.0 = Release|Any CPU
		{05CD912C-7CDD-42CB-A578-8F713D60DDE5}.AppStore|iPhone.Deploy.0 = Release|Any CPU
		{05CD912C-7CDD-42CB-A578-8F713D60DDE5}.AppStore|iPhoneSimulator.ActiveCfg = Release|Any CPU
		{05CD912C-7CDD-42CB-A578-8F713D60DDE5}.AppStore|iPhoneSimulator.Build.0 = Release|Any CPU
		{05CD912C-7CDD-42CB-A578-8F713D60DDE5}.AppStore|iPhoneSimulator.Deploy.0 = Release|Any CPU
		{05CD912C-7CDD-42CB-A578-8F713D60DDE5}.Debug|Any CPU.ActiveCfg = Debug|Any CPU
		{05CD912C-7CDD-42CB-A578-8F713D60DDE5}.Debug|Any CPU.Build.0 = Debug|Any CPU
		{05CD912C-7CDD-42CB-A578-8F713D60DDE5}.Debug|Any CPU.Deploy.0 = Debug|Any CPU
		{05CD912C-7CDD-42CB-A578-8F713D60DDE5}.Debug|iPhone.ActiveCfg = Debug|Any CPU
		{05CD912C-7CDD-42CB-A578-8F713D60DDE5}.Debug|iPhone.Build.0 = Debug|Any CPU
		{05CD912C-7CDD-42CB-A578-8F713D60DDE5}.Debug|iPhone.Deploy.0 = Debug|Any CPU
		{05CD912C-7CDD-42CB-A578-8F713D60DDE5}.Debug|iPhoneSimulator.ActiveCfg = Debug|Any CPU
		{05CD912C-7CDD-42CB-A578-8F713D60DDE5}.Debug|iPhoneSimulator.Build.0 = Debug|Any CPU
		{05CD912C-7CDD-42CB-A578-8F713D60DDE5}.Debug|iPhoneSimulator.Deploy.0 = Debug|Any CPU
		{05CD912C-7CDD-42CB-A578-8F713D60DDE5}.Release|Any CPU.ActiveCfg = Release|Any CPU
		{05CD912C-7CDD-42CB-A578-8F713D60DDE5}.Release|Any CPU.Build.0 = Release|Any CPU
		{05CD912C-7CDD-42CB-A578-8F713D60DDE5}.Release|Any CPU.Deploy.0 = Release|Any CPU
		{05CD912C-7CDD-42CB-A578-8F713D60DDE5}.Release|iPhone.ActiveCfg = Release|Any CPU
		{05CD912C-7CDD-42CB-A578-8F713D60DDE5}.Release|iPhone.Build.0 = Release|Any CPU
		{05CD912C-7CDD-42CB-A578-8F713D60DDE5}.Release|iPhone.Deploy.0 = Release|Any CPU
		{05CD912C-7CDD-42CB-A578-8F713D60DDE5}.Release|iPhoneSimulator.ActiveCfg = Release|Any CPU
		{05CD912C-7CDD-42CB-A578-8F713D60DDE5}.Release|iPhoneSimulator.Build.0 = Release|Any CPU
		{05CD912C-7CDD-42CB-A578-8F713D60DDE5}.Release|iPhoneSimulator.Deploy.0 = Release|Any CPU
		{CD66B508-94DD-4CAF-A45D-955AC9D8B6DD}.Ad-Hoc|Any CPU.ActiveCfg = Ad-Hoc|iPhone
		{CD66B508-94DD-4CAF-A45D-955AC9D8B6DD}.Ad-Hoc|iPhone.ActiveCfg = Ad-Hoc|iPhone
		{CD66B508-94DD-4CAF-A45D-955AC9D8B6DD}.Ad-Hoc|iPhone.Build.0 = Ad-Hoc|iPhone
		{CD66B508-94DD-4CAF-A45D-955AC9D8B6DD}.Ad-Hoc|iPhoneSimulator.ActiveCfg = Ad-Hoc|iPhoneSimulator
		{CD66B508-94DD-4CAF-A45D-955AC9D8B6DD}.Ad-Hoc|iPhoneSimulator.Build.0 = Ad-Hoc|iPhoneSimulator
		{CD66B508-94DD-4CAF-A45D-955AC9D8B6DD}.AppStore|Any CPU.ActiveCfg = AppStore|iPhone
		{CD66B508-94DD-4CAF-A45D-955AC9D8B6DD}.AppStore|iPhone.ActiveCfg = AppStore|iPhone
		{CD66B508-94DD-4CAF-A45D-955AC9D8B6DD}.AppStore|iPhone.Build.0 = AppStore|iPhone
		{CD66B508-94DD-4CAF-A45D-955AC9D8B6DD}.AppStore|iPhoneSimulator.ActiveCfg = AppStore|iPhoneSimulator
		{CD66B508-94DD-4CAF-A45D-955AC9D8B6DD}.AppStore|iPhoneSimulator.Build.0 = AppStore|iPhoneSimulator
		{CD66B508-94DD-4CAF-A45D-955AC9D8B6DD}.Debug|Any CPU.ActiveCfg = Debug|iPhone
		{CD66B508-94DD-4CAF-A45D-955AC9D8B6DD}.Debug|iPhone.ActiveCfg = Debug|iPhone
		{CD66B508-94DD-4CAF-A45D-955AC9D8B6DD}.Debug|iPhone.Build.0 = Debug|iPhone
		{CD66B508-94DD-4CAF-A45D-955AC9D8B6DD}.Debug|iPhoneSimulator.ActiveCfg = Debug|iPhoneSimulator
		{CD66B508-94DD-4CAF-A45D-955AC9D8B6DD}.Debug|iPhoneSimulator.Build.0 = Debug|iPhoneSimulator
		{CD66B508-94DD-4CAF-A45D-955AC9D8B6DD}.Release|Any CPU.ActiveCfg = Release|iPhone
		{CD66B508-94DD-4CAF-A45D-955AC9D8B6DD}.Release|iPhone.ActiveCfg = Release|iPhone
		{CD66B508-94DD-4CAF-A45D-955AC9D8B6DD}.Release|iPhone.Build.0 = Release|iPhone
		{CD66B508-94DD-4CAF-A45D-955AC9D8B6DD}.Release|iPhoneSimulator.ActiveCfg = Release|iPhoneSimulator
		{CD66B508-94DD-4CAF-A45D-955AC9D8B6DD}.Release|iPhoneSimulator.Build.0 = Release|iPhoneSimulator
		{7EB6D9C0-67B3-451F-AD81-C2329354492E}.Ad-Hoc|Any CPU.ActiveCfg = Debug|Any CPU
		{7EB6D9C0-67B3-451F-AD81-C2329354492E}.Ad-Hoc|Any CPU.Build.0 = Debug|Any CPU
		{7EB6D9C0-67B3-451F-AD81-C2329354492E}.Ad-Hoc|iPhone.ActiveCfg = Debug|Any CPU
		{7EB6D9C0-67B3-451F-AD81-C2329354492E}.Ad-Hoc|iPhone.Build.0 = Debug|Any CPU
		{7EB6D9C0-67B3-451F-AD81-C2329354492E}.Ad-Hoc|iPhoneSimulator.ActiveCfg = Debug|Any CPU
		{7EB6D9C0-67B3-451F-AD81-C2329354492E}.Ad-Hoc|iPhoneSimulator.Build.0 = Debug|Any CPU
		{7EB6D9C0-67B3-451F-AD81-C2329354492E}.AppStore|Any CPU.ActiveCfg = Debug|Any CPU
		{7EB6D9C0-67B3-451F-AD81-C2329354492E}.AppStore|Any CPU.Build.0 = Debug|Any CPU
		{7EB6D9C0-67B3-451F-AD81-C2329354492E}.AppStore|iPhone.ActiveCfg = Debug|Any CPU
		{7EB6D9C0-67B3-451F-AD81-C2329354492E}.AppStore|iPhone.Build.0 = Debug|Any CPU
		{7EB6D9C0-67B3-451F-AD81-C2329354492E}.AppStore|iPhoneSimulator.ActiveCfg = Debug|Any CPU
		{7EB6D9C0-67B3-451F-AD81-C2329354492E}.AppStore|iPhoneSimulator.Build.0 = Debug|Any CPU
		{7EB6D9C0-67B3-451F-AD81-C2329354492E}.Debug|Any CPU.ActiveCfg = Debug|Any CPU
		{7EB6D9C0-67B3-451F-AD81-C2329354492E}.Debug|Any CPU.Build.0 = Debug|Any CPU
		{7EB6D9C0-67B3-451F-AD81-C2329354492E}.Debug|iPhone.ActiveCfg = Debug|Any CPU
		{7EB6D9C0-67B3-451F-AD81-C2329354492E}.Debug|iPhone.Build.0 = Debug|Any CPU
		{7EB6D9C0-67B3-451F-AD81-C2329354492E}.Debug|iPhoneSimulator.ActiveCfg = Debug|Any CPU
		{7EB6D9C0-67B3-451F-AD81-C2329354492E}.Debug|iPhoneSimulator.Build.0 = Debug|Any CPU
		{7EB6D9C0-67B3-451F-AD81-C2329354492E}.Release|Any CPU.ActiveCfg = Release|Any CPU
		{7EB6D9C0-67B3-451F-AD81-C2329354492E}.Release|Any CPU.Build.0 = Release|Any CPU
		{7EB6D9C0-67B3-451F-AD81-C2329354492E}.Release|iPhone.ActiveCfg = Release|Any CPU
		{7EB6D9C0-67B3-451F-AD81-C2329354492E}.Release|iPhone.Build.0 = Release|Any CPU
		{7EB6D9C0-67B3-451F-AD81-C2329354492E}.Release|iPhoneSimulator.ActiveCfg = Release|Any CPU
		{7EB6D9C0-67B3-451F-AD81-C2329354492E}.Release|iPhoneSimulator.Build.0 = Release|Any CPU
		{3BCE7E81-7CBC-400D-ACC2-4D184BD199B0}.Ad-Hoc|Any CPU.ActiveCfg = Debug|Any CPU
		{3BCE7E81-7CBC-400D-ACC2-4D184BD199B0}.Ad-Hoc|Any CPU.Build.0 = Debug|Any CPU
		{3BCE7E81-7CBC-400D-ACC2-4D184BD199B0}.Ad-Hoc|iPhone.ActiveCfg = Debug|Any CPU
		{3BCE7E81-7CBC-400D-ACC2-4D184BD199B0}.Ad-Hoc|iPhone.Build.0 = Debug|Any CPU
		{3BCE7E81-7CBC-400D-ACC2-4D184BD199B0}.Ad-Hoc|iPhoneSimulator.ActiveCfg = Debug|Any CPU
		{3BCE7E81-7CBC-400D-ACC2-4D184BD199B0}.Ad-Hoc|iPhoneSimulator.Build.0 = Debug|Any CPU
		{3BCE7E81-7CBC-400D-ACC2-4D184BD199B0}.AppStore|Any CPU.ActiveCfg = Debug|Any CPU
		{3BCE7E81-7CBC-400D-ACC2-4D184BD199B0}.AppStore|Any CPU.Build.0 = Debug|Any CPU
		{3BCE7E81-7CBC-400D-ACC2-4D184BD199B0}.AppStore|iPhone.ActiveCfg = Debug|Any CPU
		{3BCE7E81-7CBC-400D-ACC2-4D184BD199B0}.AppStore|iPhone.Build.0 = Debug|Any CPU
		{3BCE7E81-7CBC-400D-ACC2-4D184BD199B0}.AppStore|iPhoneSimulator.ActiveCfg = Debug|Any CPU
		{3BCE7E81-7CBC-400D-ACC2-4D184BD199B0}.AppStore|iPhoneSimulator.Build.0 = Debug|Any CPU
		{3BCE7E81-7CBC-400D-ACC2-4D184BD199B0}.Debug|Any CPU.ActiveCfg = Debug|Any CPU
		{3BCE7E81-7CBC-400D-ACC2-4D184BD199B0}.Debug|Any CPU.Build.0 = Debug|Any CPU
		{3BCE7E81-7CBC-400D-ACC2-4D184BD199B0}.Debug|iPhone.ActiveCfg = Debug|Any CPU
		{3BCE7E81-7CBC-400D-ACC2-4D184BD199B0}.Debug|iPhone.Build.0 = Debug|Any CPU
		{3BCE7E81-7CBC-400D-ACC2-4D184BD199B0}.Debug|iPhoneSimulator.ActiveCfg = Debug|Any CPU
		{3BCE7E81-7CBC-400D-ACC2-4D184BD199B0}.Debug|iPhoneSimulator.Build.0 = Debug|Any CPU
		{3BCE7E81-7CBC-400D-ACC2-4D184BD199B0}.Release|Any CPU.ActiveCfg = Release|Any CPU
		{3BCE7E81-7CBC-400D-ACC2-4D184BD199B0}.Release|Any CPU.Build.0 = Release|Any CPU
		{3BCE7E81-7CBC-400D-ACC2-4D184BD199B0}.Release|iPhone.ActiveCfg = Release|Any CPU
		{3BCE7E81-7CBC-400D-ACC2-4D184BD199B0}.Release|iPhone.Build.0 = Release|Any CPU
		{3BCE7E81-7CBC-400D-ACC2-4D184BD199B0}.Release|iPhoneSimulator.ActiveCfg = Release|Any CPU
		{3BCE7E81-7CBC-400D-ACC2-4D184BD199B0}.Release|iPhoneSimulator.Build.0 = Release|Any CPU
		{45E9DF3B-CA95-459D-9248-25EF51E5848E}.Ad-Hoc|Any CPU.ActiveCfg = Release|Any CPU
		{45E9DF3B-CA95-459D-9248-25EF51E5848E}.Ad-Hoc|Any CPU.Build.0 = Release|Any CPU
		{45E9DF3B-CA95-459D-9248-25EF51E5848E}.Ad-Hoc|Any CPU.Deploy.0 = Release|Any CPU
		{45E9DF3B-CA95-459D-9248-25EF51E5848E}.Ad-Hoc|iPhone.ActiveCfg = Release|Any CPU
		{45E9DF3B-CA95-459D-9248-25EF51E5848E}.Ad-Hoc|iPhone.Build.0 = Release|Any CPU
		{45E9DF3B-CA95-459D-9248-25EF51E5848E}.Ad-Hoc|iPhone.Deploy.0 = Release|Any CPU
		{45E9DF3B-CA95-459D-9248-25EF51E5848E}.Ad-Hoc|iPhoneSimulator.ActiveCfg = Release|Any CPU
		{45E9DF3B-CA95-459D-9248-25EF51E5848E}.Ad-Hoc|iPhoneSimulator.Build.0 = Release|Any CPU
		{45E9DF3B-CA95-459D-9248-25EF51E5848E}.Ad-Hoc|iPhoneSimulator.Deploy.0 = Release|Any CPU
		{45E9DF3B-CA95-459D-9248-25EF51E5848E}.AppStore|Any CPU.ActiveCfg = Release|Any CPU
		{45E9DF3B-CA95-459D-9248-25EF51E5848E}.AppStore|Any CPU.Build.0 = Release|Any CPU
		{45E9DF3B-CA95-459D-9248-25EF51E5848E}.AppStore|Any CPU.Deploy.0 = Release|Any CPU
		{45E9DF3B-CA95-459D-9248-25EF51E5848E}.AppStore|iPhone.ActiveCfg = Release|Any CPU
		{45E9DF3B-CA95-459D-9248-25EF51E5848E}.AppStore|iPhone.Build.0 = Release|Any CPU
		{45E9DF3B-CA95-459D-9248-25EF51E5848E}.AppStore|iPhone.Deploy.0 = Release|Any CPU
		{45E9DF3B-CA95-459D-9248-25EF51E5848E}.AppStore|iPhoneSimulator.ActiveCfg = Release|Any CPU
		{45E9DF3B-CA95-459D-9248-25EF51E5848E}.AppStore|iPhoneSimulator.Build.0 = Release|Any CPU
		{45E9DF3B-CA95-459D-9248-25EF51E5848E}.AppStore|iPhoneSimulator.Deploy.0 = Release|Any CPU
		{45E9DF3B-CA95-459D-9248-25EF51E5848E}.Debug|Any CPU.ActiveCfg = Debug|Any CPU
		{45E9DF3B-CA95-459D-9248-25EF51E5848E}.Debug|Any CPU.Build.0 = Debug|Any CPU
		{45E9DF3B-CA95-459D-9248-25EF51E5848E}.Debug|Any CPU.Deploy.0 = Debug|Any CPU
		{45E9DF3B-CA95-459D-9248-25EF51E5848E}.Debug|iPhone.ActiveCfg = Debug|Any CPU
		{45E9DF3B-CA95-459D-9248-25EF51E5848E}.Debug|iPhone.Build.0 = Debug|Any CPU
		{45E9DF3B-CA95-459D-9248-25EF51E5848E}.Debug|iPhone.Deploy.0 = Debug|Any CPU
		{45E9DF3B-CA95-459D-9248-25EF51E5848E}.Debug|iPhoneSimulator.ActiveCfg = Debug|Any CPU
		{45E9DF3B-CA95-459D-9248-25EF51E5848E}.Debug|iPhoneSimulator.Build.0 = Debug|Any CPU
		{45E9DF3B-CA95-459D-9248-25EF51E5848E}.Debug|iPhoneSimulator.Deploy.0 = Debug|Any CPU
		{45E9DF3B-CA95-459D-9248-25EF51E5848E}.Release|Any CPU.ActiveCfg = Release|Any CPU
		{45E9DF3B-CA95-459D-9248-25EF51E5848E}.Release|Any CPU.Build.0 = Release|Any CPU
		{45E9DF3B-CA95-459D-9248-25EF51E5848E}.Release|Any CPU.Deploy.0 = Release|Any CPU
		{45E9DF3B-CA95-459D-9248-25EF51E5848E}.Release|iPhone.ActiveCfg = Release|Any CPU
		{45E9DF3B-CA95-459D-9248-25EF51E5848E}.Release|iPhone.Build.0 = Release|Any CPU
		{45E9DF3B-CA95-459D-9248-25EF51E5848E}.Release|iPhone.Deploy.0 = Release|Any CPU
		{45E9DF3B-CA95-459D-9248-25EF51E5848E}.Release|iPhoneSimulator.ActiveCfg = Release|Any CPU
		{45E9DF3B-CA95-459D-9248-25EF51E5848E}.Release|iPhoneSimulator.Build.0 = Release|Any CPU
		{45E9DF3B-CA95-459D-9248-25EF51E5848E}.Release|iPhoneSimulator.Deploy.0 = Release|Any CPU
		{80A96B52-6758-4BDB-B0B4-CEA4CA155C60}.Ad-Hoc|Any CPU.ActiveCfg = Release|iPhone
		{80A96B52-6758-4BDB-B0B4-CEA4CA155C60}.Ad-Hoc|Any CPU.Build.0 = Release|iPhone
		{80A96B52-6758-4BDB-B0B4-CEA4CA155C60}.Ad-Hoc|iPhone.ActiveCfg = Release|iPhone
		{80A96B52-6758-4BDB-B0B4-CEA4CA155C60}.Ad-Hoc|iPhone.Build.0 = Release|iPhone
		{80A96B52-6758-4BDB-B0B4-CEA4CA155C60}.Ad-Hoc|iPhoneSimulator.ActiveCfg = Release|iPhoneSimulator
		{80A96B52-6758-4BDB-B0B4-CEA4CA155C60}.Ad-Hoc|iPhoneSimulator.Build.0 = Release|iPhoneSimulator
		{80A96B52-6758-4BDB-B0B4-CEA4CA155C60}.AppStore|Any CPU.ActiveCfg = Release|iPhone
		{80A96B52-6758-4BDB-B0B4-CEA4CA155C60}.AppStore|Any CPU.Build.0 = Release|iPhone
		{80A96B52-6758-4BDB-B0B4-CEA4CA155C60}.AppStore|iPhone.ActiveCfg = Release|iPhone
		{80A96B52-6758-4BDB-B0B4-CEA4CA155C60}.AppStore|iPhone.Build.0 = Release|iPhone
		{80A96B52-6758-4BDB-B0B4-CEA4CA155C60}.AppStore|iPhoneSimulator.ActiveCfg = Release|iPhoneSimulator
		{80A96B52-6758-4BDB-B0B4-CEA4CA155C60}.AppStore|iPhoneSimulator.Build.0 = Release|iPhoneSimulator
		{80A96B52-6758-4BDB-B0B4-CEA4CA155C60}.Debug|Any CPU.ActiveCfg = Debug|iPhone
		{80A96B52-6758-4BDB-B0B4-CEA4CA155C60}.Debug|iPhone.ActiveCfg = Debug|iPhone
		{80A96B52-6758-4BDB-B0B4-CEA4CA155C60}.Debug|iPhone.Build.0 = Debug|iPhone
		{80A96B52-6758-4BDB-B0B4-CEA4CA155C60}.Debug|iPhoneSimulator.ActiveCfg = Debug|iPhoneSimulator
		{80A96B52-6758-4BDB-B0B4-CEA4CA155C60}.Debug|iPhoneSimulator.Build.0 = Debug|iPhoneSimulator
		{80A96B52-6758-4BDB-B0B4-CEA4CA155C60}.Release|Any CPU.ActiveCfg = Release|iPhone
		{80A96B52-6758-4BDB-B0B4-CEA4CA155C60}.Release|iPhone.ActiveCfg = Release|iPhone
		{80A96B52-6758-4BDB-B0B4-CEA4CA155C60}.Release|iPhone.Build.0 = Release|iPhone
		{80A96B52-6758-4BDB-B0B4-CEA4CA155C60}.Release|iPhoneSimulator.ActiveCfg = Release|iPhoneSimulator
		{80A96B52-6758-4BDB-B0B4-CEA4CA155C60}.Release|iPhoneSimulator.Build.0 = Release|iPhoneSimulator
	EndGlobalSection
	GlobalSection(SolutionProperties) = preSolution
		HideSolutionNode = FALSE
	EndGlobalSection
	GlobalSection(NestedProjects) = preSolution
		{DF1A89D3-B402-4283-896C-05B046A25CB2} = {2DF3826C-281A-440A-B4BE-72127F199049}
		{72C0E252-2890-491A-9083-5C112E5D9741} = {2CA367D7-E988-45C6-B25E-A6CF079517C0}
		{CCE61F08-9173-4542-BB39-97A7C2889EFF} = {2CA367D7-E988-45C6-B25E-A6CF079517C0}
		{05CD912C-7CDD-42CB-A578-8F713D60DDE5} = {72C0E252-2890-491A-9083-5C112E5D9741}
		{CD66B508-94DD-4CAF-A45D-955AC9D8B6DD} = {72C0E252-2890-491A-9083-5C112E5D9741}
		{7EB6D9C0-67B3-451F-AD81-C2329354492E} = {72C0E252-2890-491A-9083-5C112E5D9741}
		{3BCE7E81-7CBC-400D-ACC2-4D184BD199B0} = {CCE61F08-9173-4542-BB39-97A7C2889EFF}
		{45E9DF3B-CA95-459D-9248-25EF51E5848E} = {CCE61F08-9173-4542-BB39-97A7C2889EFF}
		{80A96B52-6758-4BDB-B0B4-CEA4CA155C60} = {CCE61F08-9173-4542-BB39-97A7C2889EFF}
	EndGlobalSection
	GlobalSection(ExtensibilityGlobals) = postSolution
		SolutionGuid = {29172C14-0945-496C-A9CF-F2D51973DD71}
	EndGlobalSection
EndGlobal
